
Microsoft Visual Studio Solution File, Format Version 12.00
Project("{FAE04EC0-301F-11D3-BF4B-00C04F79EFBC}") = "NOS.Engineering.Challenge.API", "NOS.Engineering.Challenge.API\NOS.Engineering.Challenge.API.csproj", "{38A141A1-B1BC-45E1-96B1-FC643E1B2137}"
EndProject
Project("{FAE04EC0-301F-11D3-BF4B-00C04F79EFBC}") = "NOS.Engineering.Challenge", "NOS.Engineering.Challenge\NOS.Engineering.Challenge.csproj", "{89C198F8-74DF-431D-8A0E-0B83E5113CAB}"
EndProject
Project("{FAE04EC0-301F-11D3-BF4B-00C04F79EFBC}") = "NOS.Engineering.Challenge.Tests", "NOS.Engineering.Challenge.Tests\NOS.Engineering.Challenge.Tests.csproj", "{05C0F7B3-4B0E-4E30-A0AB-0E0863698B79}"
EndProject
Project("{FAE04EC0-301F-11D3-BF4B-00C04F79EFBC}") = "NOS.Engineering.Challenge.API.Tests", "NOS.Engineering.Challenge.API.Tests\NOS.Engineering.Challenge.API.Tests.csproj", "{186B4E4A-E4C6-40A1-B52D-F30DBEB069C9}"
EndProject
Global
	GlobalSection(SolutionConfigurationPlatforms) = preSolution
		Debug|Any CPU = Debug|Any CPU
		Release|Any CPU = Release|Any CPU
	EndGlobalSection
	GlobalSection(ProjectConfigurationPlatforms) = postSolution
		{38A141A1-B1BC-45E1-96B1-FC643E1B2137}.Debug|Any CPU.ActiveCfg = Debug|Any CPU
		{38A141A1-B1BC-45E1-96B1-FC643E1B2137}.Debug|Any CPU.Build.0 = Debug|Any CPU
		{38A141A1-B1BC-45E1-96B1-FC643E1B2137}.Release|Any CPU.ActiveCfg = Release|Any CPU
		{38A141A1-B1BC-45E1-96B1-FC643E1B2137}.Release|Any CPU.Build.0 = Release|Any CPU
		{89C198F8-74DF-431D-8A0E-0B83E5113CAB}.Debug|Any CPU.ActiveCfg = Debug|Any CPU
		{89C198F8-74DF-431D-8A0E-0B83E5113CAB}.Debug|Any CPU.Build.0 = Debug|Any CPU
		{89C198F8-74DF-431D-8A0E-0B83E5113CAB}.Release|Any CPU.ActiveCfg = Release|Any CPU
		{89C198F8-74DF-431D-8A0E-0B83E5113CAB}.Release|Any CPU.Build.0 = Release|Any CPU
		{05C0F7B3-4B0E-4E30-A0AB-0E0863698B79}.Debug|Any CPU.ActiveCfg = Debug|Any CPU
		{05C0F7B3-4B0E-4E30-A0AB-0E0863698B79}.Debug|Any CPU.Build.0 = Debug|Any CPU
		{05C0F7B3-4B0E-4E30-A0AB-0E0863698B79}.Release|Any CPU.ActiveCfg = Release|Any CPU
		{05C0F7B3-4B0E-4E30-A0AB-0E0863698B79}.Release|Any CPU.Build.0 = Release|Any CPU
		{186B4E4A-E4C6-40A1-B52D-F30DBEB069C9}.Debug|Any CPU.ActiveCfg = Debug|Any CPU
		{186B4E4A-E4C6-40A1-B52D-F30DBEB069C9}.Debug|Any CPU.Build.0 = Debug|Any CPU
		{186B4E4A-E4C6-40A1-B52D-F30DBEB069C9}.Release|Any CPU.ActiveCfg = Release|Any CPU
		{186B4E4A-E4C6-40A1-B52D-F30DBEB069C9}.Release|Any CPU.Build.0 = Release|Any CPU
	EndGlobalSection
EndGlobal
